
Microsoft Visual Studio Solution File, Format Version 12.00
# Visual Studio Version 16
VisualStudioVersion = 16.0.28922.388
MinimumVisualStudioVersion = 10.0.40219.1
Project("{FAE04EC0-301F-11D3-BF4B-00C04F79EFBC}") = "ITEAhome", "ITEAhome\ITEAhome.csproj", "{B3C5C1DB-8473-4461-BBE1-49F26FFA3DA4}"
EndProject
Global
	GlobalSection(SolutionConfigurationPlatforms) = preSolution
		Debug|Any CPU = Debug|Any CPU
		Release|Any CPU = Release|Any CPU
	EndGlobalSection
	GlobalSection(ProjectConfigurationPlatforms) = postSolution
		{B3C5C1DB-8473-4461-BBE1-49F26FFA3DA4}.Debug|Any CPU.ActiveCfg = Debug|Any CPU
		{B3C5C1DB-8473-4461-BBE1-49F26FFA3DA4}.Debug|Any CPU.Build.0 = Debug|Any CPU
		{B3C5C1DB-8473-4461-BBE1-49F26FFA3DA4}.Release|Any CPU.ActiveCfg = Release|Any CPU
		{B3C5C1DB-8473-4461-BBE1-49F26FFA3DA4}.Release|Any CPU.Build.0 = Release|Any CPU
	EndGlobalSection
	GlobalSection(SolutionProperties) = preSolution
		HideSolutionNode = FALSE
	EndGlobalSection
	GlobalSection(ExtensibilityGlobals) = postSolution
		SolutionGuid = {E1C4FBE0-8B30-402B-B07F-7E3B38D9E9C6}
	EndGlobalSection
EndGlobal
